// !$*UTF8*$!
{
	archiveVersion = 1;
	classes = {
	};
	objectVersion = 56;
	objects = {

/* Begin PBXBuildFile section */
		1D88B6342C0EA472006B70C1 /* JournalApp.swift in Sources */ = {isa = PBXBuildFile; fileRef = 1D88B6332C0EA472006B70C1 /* JournalApp.swift */; };
		1D88B6362C0EA472006B70C1 /* ContentView.swift in Sources */ = {isa = PBXBuildFile; fileRef = 1D88B6352C0EA472006B70C1 /* ContentView.swift */; };
		1D88B6382C0EA472006B70C1 /* Assets.xcassets in Resources */ = {isa = PBXBuildFile; fileRef = 1D88B6372C0EA472006B70C1 /* Assets.xcassets */; };
		1D88B63B2C0EA472006B70C1 /* Preview Assets.xcassets in Resources */ = {isa = PBXBuildFile; fileRef = 1D88B63A2C0EA472006B70C1 /* Preview Assets.xcassets */; };
		1D88B6452C0EA473006B70C1 /* JournalTests.swift in Sources */ = {isa = PBXBuildFile; fileRef = 1D88B6442C0EA473006B70C1 /* JournalTests.swift */; };
		1D88B64F2C0EA473006B70C1 /* JournalUITests.swift in Sources */ = {isa = PBXBuildFile; fileRef = 1D88B64E2C0EA473006B70C1 /* JournalUITests.swift */; };
		1D88B6512C0EA473006B70C1 /* JournalUITestsLaunchTests.swift in Sources */ = {isa = PBXBuildFile; fileRef = 1D88B6502C0EA473006B70C1 /* JournalUITestsLaunchTests.swift */; };
/* End PBXBuildFile section */

/* Begin PBXContainerItemProxy section */
		1D88B6412C0EA473006B70C1 /* PBXContainerItemProxy */ = {
			isa = PBXContainerItemProxy;
			containerPortal = 1D88B6282C0EA472006B70C1 /* Project object */;
			proxyType = 1;
			remoteGlobalIDString = 1D88B62F2C0EA472006B70C1;
			remoteInfo = Journal;
		};
		1D88B64B2C0EA473006B70C1 /* PBXContainerItemProxy */ = {
			isa = PBXContainerItemProxy;
			containerPortal = 1D88B6282C0EA472006B70C1 /* Project object */;
			proxyType = 1;
			remoteGlobalIDString = 1D88B62F2C0EA472006B70C1;
			remoteInfo = Journal;
		};
/* End PBXContainerItemProxy section */

/* Begin PBXFileReference section */
		1D88B6302C0EA472006B70C1 /* Journal.app */ = {isa = PBXFileReference; explicitFileType = wrapper.application; includeInIndex = 0; path = Journal.app; sourceTree = BUILT_PRODUCTS_DIR; };
		1D88B6332C0EA472006B70C1 /* JournalApp.swift */ = {isa = PBXFileReference; lastKnownFileType = sourcecode.swift; path = JournalApp.swift; sourceTree = "<group>"; };
		1D88B6352C0EA472006B70C1 /* ContentView.swift */ = {isa = PBXFileReference; lastKnownFileType = sourcecode.swift; path = ContentView.swift; sourceTree = "<group>"; };
		1D88B6372C0EA472006B70C1 /* Assets.xcassets */ = {isa = PBXFileReference; lastKnownFileType = folder.assetcatalog; path = Assets.xcassets; sourceTree = "<group>"; };
		1D88B63A2C0EA472006B70C1 /* Preview Assets.xcassets */ = {isa = PBXFileReference; lastKnownFileType = folder.assetcatalog; path = "Preview Assets.xcassets"; sourceTree = "<group>"; };
		1D88B6402C0EA473006B70C1 /* JournalTests.xctest */ = {isa = PBXFileReference; explicitFileType = wrapper.cfbundle; includeInIndex = 0; path = JournalTests.xctest; sourceTree = BUILT_PRODUCTS_DIR; };
		1D88B6442C0EA473006B70C1 /* JournalTests.swift */ = {isa = PBXFileReference; lastKnownFileType = sourcecode.swift; path = JournalTests.swift; sourceTree = "<group>"; };
		1D88B64A2C0EA473006B70C1 /* JournalUITests.xctest */ = {isa = PBXFileReference; explicitFileType = wrapper.cfbundle; includeInIndex = 0; path = JournalUITests.xctest; sourceTree = BUILT_PRODUCTS_DIR; };
		1D88B64E2C0EA473006B70C1 /* JournalUITests.swift */ = {isa = PBXFileReference; lastKnownFileType = sourcecode.swift; path = JournalUITests.swift; sourceTree = "<group>"; };
		1D88B6502C0EA473006B70C1 /* JournalUITestsLaunchTests.swift */ = {isa = PBXFileReference; lastKnownFileType = sourcecode.swift; path = JournalUITestsLaunchTests.swift; sourceTree = "<group>"; };
/* End PBXFileReference section */

/* Begin PBXFrameworksBuildPhase section */
		1D88B62D2C0EA472006B70C1 /* Frameworks */ = {
			isa = PBXFrameworksBuildPhase;
			buildActionMask = 2147483647;
			files = (
			);
			runOnlyForDeploymentPostprocessing = 0;
		};
		1D88B63D2C0EA473006B70C1 /* Frameworks */ = {
			isa = PBXFrameworksBuildPhase;
			buildActionMask = 2147483647;
			files = (
			);
			runOnlyForDeploymentPostprocessing = 0;
		};
		1D88B6472C0EA473006B70C1 /* Frameworks */ = {
			isa = PBXFrameworksBuildPhase;
			buildActionMask = 2147483647;
			files = (
			);
			runOnlyForDeploymentPostprocessing = 0;
		};
/* End PBXFrameworksBuildPhase section */

/* Begin PBXGroup section */
		1D88B6272C0EA472006B70C1 = {
			isa = PBXGroup;
			children = (
				1D88B6322C0EA472006B70C1 /* Journal */,
				1D88B6432C0EA473006B70C1 /* JournalTests */,
				1D88B64D2C0EA473006B70C1 /* JournalUITests */,
				1D88B6312C0EA472006B70C1 /* Products */,
			);
			sourceTree = "<group>";
		};
		1D88B6312C0EA472006B70C1 /* Products */ = {
			isa = PBXGroup;
			children = (
				1D88B6302C0EA472006B70C1 /* Journal.app */,
				1D88B6402C0EA473006B70C1 /* JournalTests.xctest */,
				1D88B64A2C0EA473006B70C1 /* JournalUITests.xctest */,
			);
			name = Products;
			sourceTree = "<group>";
		};
		1D88B6322C0EA472006B70C1 /* Journal */ = {
			isa = PBXGroup;
			children = (
				1D88B6332C0EA472006B70C1 /* JournalApp.swift */,
				1D88B6352C0EA472006B70C1 /* ContentView.swift */,
				1D88B6372C0EA472006B70C1 /* Assets.xcassets */,
				1D88B6392C0EA472006B70C1 /* Preview Content */,
			);
			path = Journal;
			sourceTree = "<group>";
		};
		1D88B6392C0EA472006B70C1 /* Preview Content */ = {
			isa = PBXGroup;
			children = (
				1D88B63A2C0EA472006B70C1 /* Preview Assets.xcassets */,
			);
			path = "Preview Content";
			sourceTree = "<group>";
		};
		1D88B6432C0EA473006B70C1 /* JournalTests */ = {
			isa = PBXGroup;
			children = (
				1D88B6442C0EA473006B70C1 /* JournalTests.swift */,
			);
			path = JournalTests;
			sourceTree = "<group>";
		};
		1D88B64D2C0EA473006B70C1 /* JournalUITests */ = {
			isa = PBXGroup;
			children = (
				1D88B64E2C0EA473006B70C1 /* JournalUITests.swift */,
				1D88B6502C0EA473006B70C1 /* JournalUITestsLaunchTests.swift */,
			);
			path = JournalUITests;
			sourceTree = "<group>";
		};
/* End PBXGroup section */

/* Begin PBXNativeTarget section */
		1D88B62F2C0EA472006B70C1 /* Journal */ = {
			isa = PBXNativeTarget;
			buildConfigurationList = 1D88B6542C0EA473006B70C1 /* Build configuration list for PBXNativeTarget "Journal" */;
			buildPhases = (
				1D88B62C2C0EA472006B70C1 /* Sources */,
				1D88B62D2C0EA472006B70C1 /* Frameworks */,
				1D88B62E2C0EA472006B70C1 /* Resources */,
			);
			buildRules = (
			);
			dependencies = (
			);
			name = Journal;
			productName = Journal;
			productReference = 1D88B6302C0EA472006B70C1 /* Journal.app */;
			productType = "com.apple.product-type.application";
		};
		1D88B63F2C0EA473006B70C1 /* JournalTests */ = {
			isa = PBXNativeTarget;
			buildConfigurationList = 1D88B6572C0EA473006B70C1 /* Build configuration list for PBXNativeTarget "JournalTests" */;
			buildPhases = (
				1D88B63C2C0EA473006B70C1 /* Sources */,
				1D88B63D2C0EA473006B70C1 /* Frameworks */,
				1D88B63E2C0EA473006B70C1 /* Resources */,
			);
			buildRules = (
			);
			dependencies = (
				1D88B6422C0EA473006B70C1 /* PBXTargetDependency */,
			);
			name = JournalTests;
			productName = JournalTests;
			productReference = 1D88B6402C0EA473006B70C1 /* JournalTests.xctest */;
			productType = "com.apple.product-type.bundle.unit-test";
		};
		1D88B6492C0EA473006B70C1 /* JournalUITests */ = {
			isa = PBXNativeTarget;
			buildConfigurationList = 1D88B65A2C0EA473006B70C1 /* Build configuration list for PBXNativeTarget "JournalUITests" */;
			buildPhases = (
				1D88B6462C0EA473006B70C1 /* Sources */,
				1D88B6472C0EA473006B70C1 /* Frameworks */,
				1D88B6482C0EA473006B70C1 /* Resources */,
			);
			buildRules = (
			);
			dependencies = (
				1D88B64C2C0EA473006B70C1 /* PBXTargetDependency */,
			);
			name = JournalUITests;
			productName = JournalUITests;
			productReference = 1D88B64A2C0EA473006B70C1 /* JournalUITests.xctest */;
			productType = "com.apple.product-type.bundle.ui-testing";
		};
/* End PBXNativeTarget section */

/* Begin PBXProject section */
		1D88B6282C0EA472006B70C1 /* Project object */ = {
			isa = PBXProject;
			attributes = {
				BuildIndependentTargetsInParallel = 1;
				LastSwiftUpdateCheck = 1540;
				LastUpgradeCheck = 1540;
				TargetAttributes = {
					1D88B62F2C0EA472006B70C1 = {
						CreatedOnToolsVersion = 15.4;
					};
					1D88B63F2C0EA473006B70C1 = {
						CreatedOnToolsVersion = 15.4;
						TestTargetID = 1D88B62F2C0EA472006B70C1;
					};
					1D88B6492C0EA473006B70C1 = {
						CreatedOnToolsVersion = 15.4;
						TestTargetID = 1D88B62F2C0EA472006B70C1;
					};
				};
			};
			buildConfigurationList = 1D88B62B2C0EA472006B70C1 /* Build configuration list for PBXProject "Journal" */;
			compatibilityVersion = "Xcode 14.0";
			developmentRegion = en;
			hasScannedForEncodings = 0;
			knownRegions = (
				en,
				Base,
			);
			mainGroup = 1D88B6272C0EA472006B70C1;
			productRefGroup = 1D88B6312C0EA472006B70C1 /* Products */;
			projectDirPath = "";
			projectRoot = "";
			targets = (
				1D88B62F2C0EA472006B70C1 /* Journal */,
				1D88B63F2C0EA473006B70C1 /* JournalTests */,
				1D88B6492C0EA473006B70C1 /* JournalUITests */,
			);
		};
/* End PBXProject section */

/* Begin PBXResourcesBuildPhase section */
		1D88B62E2C0EA472006B70C1 /* Resources */ = {
			isa = PBXResourcesBuildPhase;
			buildActionMask = 2147483647;
			files = (
				1D88B63B2C0EA472006B70C1 /* Preview Assets.xcassets in Resources */,
				1D88B6382C0EA472006B70C1 /* Assets.xcassets in Resources */,
			);
			runOnlyForDeploymentPostprocessing = 0;
		};
		1D88B63E2C0EA473006B70C1 /* Resources */ = {
			isa = PBXResourcesBuildPhase;
			buildActionMask = 2147483647;
			files = (
			);
			runOnlyForDeploymentPostprocessing = 0;
		};
		1D88B6482C0EA473006B70C1 /* Resources */ = {
			isa = PBXResourcesBuildPhase;
			buildActionMask = 2147483647;
			files = (
			);
			runOnlyForDeploymentPostprocessing = 0;
		};
/* End PBXResourcesBuildPhase section */

/* Begin PBXSourcesBuildPhase section */
		1D88B62C2C0EA472006B70C1 /* Sources */ = {
			isa = PBXSourcesBuildPhase;
			buildActionMask = 2147483647;
			files = (
				1D88B6362C0EA472006B70C1 /* ContentView.swift in Sources */,
				1D88B6342C0EA472006B70C1 /* JournalApp.swift in Sources */,
			);
			runOnlyForDeploymentPostprocessing = 0;
		};
		1D88B63C2C0EA473006B70C1 /* Sources */ = {
			isa = PBXSourcesBuildPhase;
			buildActionMask = 2147483647;
			files = (
				1D88B6452C0EA473006B70C1 /* JournalTests.swift in Sources */,
			);
			runOnlyForDeploymentPostprocessing = 0;
		};
		1D88B6462C0EA473006B70C1 /* Sources */ = {
			isa = PBXSourcesBuildPhase;
			buildActionMask = 2147483647;
			files = (
				1D88B6512C0EA473006B70C1 /* JournalUITestsLaunchTests.swift in Sources */,
				1D88B64F2C0EA473006B70C1 /* JournalUITests.swift in Sources */,
			);
			runOnlyForDeploymentPostprocessing = 0;
		};
/* End PBXSourcesBuildPhase section */

/* Begin PBXTargetDependency section */
		1D88B6422C0EA473006B70C1 /* PBXTargetDependency */ = {
			isa = PBXTargetDependency;
			target = 1D88B62F2C0EA472006B70C1 /* Journal */;
			targetProxy = 1D88B6412C0EA473006B70C1 /* PBXContainerItemProxy */;
		};
		1D88B64C2C0EA473006B70C1 /* PBXTargetDependency */ = {
			isa = PBXTargetDependency;
			target = 1D88B62F2C0EA472006B70C1 /* Journal */;
			targetProxy = 1D88B64B2C0EA473006B70C1 /* PBXContainerItemProxy */;
		};
/* End PBXTargetDependency section */

/* Begin XCBuildConfiguration section */
		1D88B6522C0EA473006B70C1 /* Debug */ = {
			isa = XCBuildConfiguration;
			buildSettings = {
				ALWAYS_SEARCH_USER_PATHS = NO;
				ASSETCATALOG_COMPILER_GENERATE_SWIFT_ASSET_SYMBOL_EXTENSIONS = YES;
				CLANG_ANALYZER_NONNULL = YES;
				CLANG_ANALYZER_NUMBER_OBJECT_CONVERSION = YES_AGGRESSIVE;
				CLANG_CXX_LANGUAGE_STANDARD = "gnu++20";
				CLANG_ENABLE_MODULES = YES;
				CLANG_ENABLE_OBJC_ARC = YES;
				CLANG_ENABLE_OBJC_WEAK = YES;
				CLANG_WARN_BLOCK_CAPTURE_AUTORELEASING = YES;
				CLANG_WARN_BOOL_CONVERSION = YES;
				CLANG_WARN_COMMA = YES;
				CLANG_WARN_CONSTANT_CONVERSION = YES;
				CLANG_WARN_DEPRECATED_OBJC_IMPLEMENTATIONS = YES;
				CLANG_WARN_DIRECT_OBJC_ISA_USAGE = YES_ERROR;
				CLANG_WARN_DOCUMENTATION_COMMENTS = YES;
				CLANG_WARN_EMPTY_BODY = YES;
				CLANG_WARN_ENUM_CONVERSION = YES;
				CLANG_WARN_INFINITE_RECURSION = YES;
				CLANG_WARN_INT_CONVERSION = YES;
				CLANG_WARN_NON_LITERAL_NULL_CONVERSION = YES;
				CLANG_WARN_OBJC_IMPLICIT_RETAIN_SELF = YES;
				CLANG_WARN_OBJC_LITERAL_CONVERSION = YES;
				CLANG_WARN_OBJC_ROOT_CLASS = YES_ERROR;
				CLANG_WARN_QUOTED_INCLUDE_IN_FRAMEWORK_HEADER = YES;
				CLANG_WARN_RANGE_LOOP_ANALYSIS = YES;
				CLANG_WARN_STRICT_PROTOTYPES = YES;
				CLANG_WARN_SUSPICIOUS_MOVE = YES;
				CLANG_WARN_UNGUARDED_AVAILABILITY = YES_AGGRESSIVE;
				CLANG_WARN_UNREACHABLE_CODE = YES;
				CLANG_WARN__DUPLICATE_METHOD_MATCH = YES;
				COPY_PHASE_STRIP = NO;
				DEBUG_INFORMATION_FORMAT = dwarf;
				ENABLE_STRICT_OBJC_MSGSEND = YES;
				ENABLE_TESTABILITY = YES;
				ENABLE_USER_SCRIPT_SANDBOXING = YES;
				GCC_C_LANGUAGE_STANDARD = gnu17;
				GCC_DYNAMIC_NO_PIC = NO;
				GCC_NO_COMMON_BLOCKS = YES;
				GCC_OPTIMIZATION_LEVEL = 0;
				GCC_PREPROCESSOR_DEFINITIONS = (
					"DEBUG=1",
					"$(inherited)",
				);
				GCC_WARN_64_TO_32_BIT_CONVERSION = YES;
				GCC_WARN_ABOUT_RETURN_TYPE = YES_ERROR;
				GCC_WARN_UNDECLARED_SELECTOR = YES;
				GCC_WARN_UNINITIALIZED_AUTOS = YES_AGGRESSIVE;
				GCC_WARN_UNUSED_FUNCTION = YES;
				GCC_WARN_UNUSED_VARIABLE = YES;
				IPHONEOS_DEPLOYMENT_TARGET = 17.5;
				LOCALIZATION_PREFERS_STRING_CATALOGS = YES;
				MTL_ENABLE_DEBUG_INFO = INCLUDE_SOURCE;
				MTL_FAST_MATH = YES;
				ONLY_ACTIVE_ARCH = YES;
				SDKROOT = iphoneos;
				SWIFT_ACTIVE_COMPILATION_CONDITIONS = "DEBUG $(inherited)";
				SWIFT_OPTIMIZATION_LEVEL = "-Onone";
			};
			name = Debug;
		};
		1D88B6532C0EA473006B70C1 /* Release */ = {
			isa = XCBuildConfiguration;
			buildSettings = {
				ALWAYS_SEARCH_USER_PATHS = NO;
				ASSETCATALOG_COMPILER_GENERATE_SWIFT_ASSET_SYMBOL_EXTENSIONS = YES;
				CLANG_ANALYZER_NONNULL = YES;
				CLANG_ANALYZER_NUMBER_OBJECT_CONVERSION = YES_AGGRESSIVE;
				CLANG_CXX_LANGUAGE_STANDARD = "gnu++20";
				CLANG_ENABLE_MODULES = YES;
				CLANG_ENABLE_OBJC_ARC = YES;
				CLANG_ENABLE_OBJC_WEAK = YES;
				CLANG_WARN_BLOCK_CAPTURE_AUTORELEASING = YES;
				CLANG_WARN_BOOL_CONVERSION = YES;
				CLANG_WARN_COMMA = YES;
				CLANG_WARN_CONSTANT_CONVERSION = YES;
				CLANG_WARN_DEPRECATED_OBJC_IMPLEMENTATIONS = YES;
				CLANG_WARN_DIRECT_OBJC_ISA_USAGE = YES_ERROR;
				CLANG_WARN_DOCUMENTATION_COMMENTS = YES;
				CLANG_WARN_EMPTY_BODY = YES;
				CLANG_WARN_ENUM_CONVERSION = YES;
				CLANG_WARN_INFINITE_RECURSION = YES;
				CLANG_WARN_INT_CONVERSION = YES;
				CLANG_WARN_NON_LITERAL_NULL_CONVERSION = YES;
				CLANG_WARN_OBJC_IMPLICIT_RETAIN_SELF = YES;
				CLANG_WARN_OBJC_LITERAL_CONVERSION = YES;
				CLANG_WARN_OBJC_ROOT_CLASS = YES_ERROR;
				CLANG_WARN_QUOTED_INCLUDE_IN_FRAMEWORK_HEADER = YES;
				CLANG_WARN_RANGE_LOOP_ANALYSIS = YES;
				CLANG_WARN_STRICT_PROTOTYPES = YES;
				CLANG_WARN_SUSPICIOUS_MOVE = YES;
				CLANG_WARN_UNGUARDED_AVAILABILITY = YES_AGGRESSIVE;
				CLANG_WARN_UNREACHABLE_CODE = YES;
				CLANG_WARN__DUPLICATE_METHOD_MATCH = YES;
				COPY_PHASE_STRIP = NO;
				DEBUG_INFORMATION_FORMAT = "dwarf-with-dsym";
				ENABLE_NS_ASSERTIONS = NO;
				ENABLE_STRICT_OBJC_MSGSEND = YES;
				ENABLE_USER_SCRIPT_SANDBOXING = YES;
				GCC_C_LANGUAGE_STANDARD = gnu17;
				GCC_NO_COMMON_BLOCKS = YES;
				GCC_WARN_64_TO_32_BIT_CONVERSION = YES;
				GCC_WARN_ABOUT_RETURN_TYPE = YES_ERROR;
				GCC_WARN_UNDECLARED_SELECTOR = YES;
				GCC_WARN_UNINITIALIZED_AUTOS = YES_AGGRESSIVE;
				GCC_WARN_UNUSED_FUNCTION = YES;
				GCC_WARN_UNUSED_VARIABLE = YES;
				IPHONEOS_DEPLOYMENT_TARGET = 17.5;
				LOCALIZATION_PREFERS_STRING_CATALOGS = YES;
				MTL_ENABLE_DEBUG_INFO = NO;
				MTL_FAST_MATH = YES;
				SDKROOT = iphoneos;
				SWIFT_COMPILATION_MODE = wholemodule;
				VALIDATE_PRODUCT = YES;
			};
			name = Release;
		};
		1D88B6552C0EA473006B70C1 /* Debug */ = {
			isa = XCBuildConfiguration;
			buildSettings = {
				ASSETCATALOG_COMPILER_APPICON_NAME = AppIcon;
				ASSETCATALOG_COMPILER_GLOBAL_ACCENT_COLOR_NAME = AccentColor;
				CODE_SIGN_STYLE = Automatic;
				CURRENT_PROJECT_VERSION = 1;
				DEVELOPMENT_ASSET_PATHS = "\"Journal/Preview Content\"";
				ENABLE_PREVIEWS = YES;
				GENERATE_INFOPLIST_FILE = YES;
				INFOPLIST_KEY_UIApplicationSceneManifest_Generation = YES;
				INFOPLIST_KEY_UIApplicationSupportsIndirectInputEvents = YES;
				INFOPLIST_KEY_UILaunchScreen_Generation = YES;
				INFOPLIST_KEY_UISupportedInterfaceOrientations_iPad = "UIInterfaceOrientationPortrait UIInterfaceOrientationPortraitUpsideDown UIInterfaceOrientationLandscapeLeft UIInterfaceOrientationLandscapeRight";
				INFOPLIST_KEY_UISupportedInterfaceOrientations_iPhone = "UIInterfaceOrientationPortrait UIInterfaceOrientationLandscapeLeft UIInterfaceOrientationLandscapeRight";
				LD_RUNPATH_SEARCH_PATHS = (
					"$(inherited)",
					"@executable_path/Frameworks",
				);
				MARKETING_VERSION = 1.0;
				PRODUCT_BUNDLE_IDENTIFIER = afp.Journal;
				PRODUCT_NAME = "$(TARGET_NAME)";
				SWIFT_EMIT_LOC_STRINGS = YES;
				SWIFT_VERSION = 5.0;
				TARGETED_DEVICE_FAMILY = "1,2";
			};
			name = Debug;
		};
		1D88B6562C0EA473006B70C1 /* Release */ = {
			isa = XCBuildConfiguration;
			buildSettings = {
				ASSETCATALOG_COMPILER_APPICON_NAME = AppIcon;
				ASSETCATALOG_COMPILER_GLOBAL_ACCENT_COLOR_NAME = AccentColor;
				CODE_SIGN_STYLE = Automatic;
				CURRENT_PROJECT_VERSION = 1;
				DEVELOPMENT_ASSET_PATHS = "\"Journal/Preview Content\"";
				ENABLE_PREVIEWS = YES;
				GENERATE_INFOPLIST_FILE = YES;
				INFOPLIST_KEY_UIApplicationSceneManifest_Generation = YES;
				INFOPLIST_KEY_UIApplicationSupportsIndirectInputEvents = YES;
				INFOPLIST_KEY_UILaunchScreen_Generation = YES;
				INFOPLIST_KEY_UISupportedInterfaceOrientations_iPad = "UIInterfaceOrientationPortrait UIInterfaceOrientationPortraitUpsideDown UIInterfaceOrientationLandscapeLeft UIInterfaceOrientationLandscapeRight";
				INFOPLIST_KEY_UISupportedInterfaceOrientations_iPhone = "UIInterfaceOrientationPortrait UIInterfaceOrientationLandscapeLeft UIInterfaceOrientationLandscapeRight";
				LD_RUNPATH_SEARCH_PATHS = (
					"$(inherited)",
					"@executable_path/Frameworks",
				);
				MARKETING_VERSION = 1.0;
				PRODUCT_BUNDLE_IDENTIFIER = afp.Journal;
				PRODUCT_NAME = "$(TARGET_NAME)";
				SWIFT_EMIT_LOC_STRINGS = YES;
				SWIFT_VERSION = 5.0;
				TARGETED_DEVICE_FAMILY = "1,2";
			};
			name = Release;
		};
		1D88B6582C0EA473006B70C1 /* Debug */ = {
			isa = XCBuildConfiguration;
			buildSettings = {
				ALWAYS_EMBED_SWIFT_STANDARD_LIBRARIES = YES;
				BUNDLE_LOADER = "$(TEST_HOST)";
				CODE_SIGN_STYLE = Automatic;
				CURRENT_PROJECT_VERSION = 1;
				GENERATE_INFOPLIST_FILE = YES;
				IPHONEOS_DEPLOYMENT_TARGET = 17.5;
				MARKETING_VERSION = 1.0;
				PRODUCT_BUNDLE_IDENTIFIER = afp.JournalTests;
				PRODUCT_NAME = "$(TARGET_NAME)";
				SWIFT_EMIT_LOC_STRINGS = NO;
				SWIFT_VERSION = 5.0;
				TARGETED_DEVICE_FAMILY = "1,2";
				TEST_HOST = "$(BUILT_PRODUCTS_DIR)/Journal.app/$(BUNDLE_EXECUTABLE_FOLDER_PATH)/Journal";
			};
			name = Debug;
		};
		1D88B6592C0EA473006B70C1 /* Release */ = {
			isa = XCBuildConfiguration;
			buildSettings = {
				ALWAYS_EMBED_SWIFT_STANDARD_LIBRARIES = YES;
				BUNDLE_LOADER = "$(TEST_HOST)";
				CODE_SIGN_STYLE = Automatic;
				CURRENT_PROJECT_VERSION = 1;
				GENERATE_INFOPLIST_FILE = YES;
				IPHONEOS_DEPLOYMENT_TARGET = 17.5;
				MARKETING_VERSION = 1.0;
				PRODUCT_BUNDLE_IDENTIFIER = afp.JournalTests;
				PRODUCT_NAME = "$(TARGET_NAME)";
				SWIFT_EMIT_LOC_STRINGS = NO;
				SWIFT_VERSION = 5.0;
				TARGETED_DEVICE_FAMILY = "1,2";
				TEST_HOST = "$(BUILT_PRODUCTS_DIR)/Journal.app/$(BUNDLE_EXECUTABLE_FOLDER_PATH)/Journal";
			};
			name = Release;
		};
		1D88B65B2C0EA473006B70C1 /* Debug */ = {
			isa = XCBuildConfiguration;
			buildSettings = {
				ALWAYS_EMBED_SWIFT_STANDARD_LIBRARIES = YES;
				CODE_SIGN_STYLE = Automatic;
				CURRENT_PROJECT_VERSION = 1;
				GENERATE_INFOPLIST_FILE = YES;
				MARKETING_VERSION = 1.0;
				PRODUCT_BUNDLE_IDENTIFIER = afp.JournalUITests;
				PRODUCT_NAME = "$(TARGET_NAME)";
				SWIFT_EMIT_LOC_STRINGS = NO;
				SWIFT_VERSION = 5.0;
				TARGETED_DEVICE_FAMILY = "1,2";
				TEST_TARGET_NAME = Journal;
			};
			name = Debug;
		};
		1D88B65C2C0EA473006B70C1 /* Release */ = {
			isa = XCBuildConfiguration;
			buildSettings = {
				ALWAYS_EMBED_SWIFT_STANDARD_LIBRARIES = YES;
				CODE_SIGN_STYLE = Automatic;
				CURRENT_PROJECT_VERSION = 1;
				GENERATE_INFOPLIST_FILE = YES;
				MARKETING_VERSION = 1.0;
				PRODUCT_BUNDLE_IDENTIFIER = afp.JournalUITests;
				PRODUCT_NAME = "$(TARGET_NAME)";
				SWIFT_EMIT_LOC_STRINGS = NO;
				SWIFT_VERSION = 5.0;
				TARGETED_DEVICE_FAMILY = "1,2";
				TEST_TARGET_NAME = Journal;
			};
			name = Release;
		};
/* End XCBuildConfiguration section */

/* Begin XCConfigurationList section */
		1D88B62B2C0EA472006B70C1 /* Build configuration list for PBXProject "Journal" */ = {
			isa = XCConfigurationList;
			buildConfigurations = (
				1D88B6522C0EA473006B70C1 /* Debug */,
				1D88B6532C0EA473006B70C1 /* Release */,
			);
			defaultConfigurationIsVisible = 0;
			defaultConfigurationName = Release;
		};
		1D88B6542C0EA473006B70C1 /* Build configuration list for PBXNativeTarget "Journal" */ = {
			isa = XCConfigurationList;
			buildConfigurations = (
				1D88B6552C0EA473006B70C1 /* Debug */,
				1D88B6562C0EA473006B70C1 /* Release */,
			);
			defaultConfigurationIsVisible = 0;
			defaultConfigurationName = Release;
		};
		1D88B6572C0EA473006B70C1 /* Build configuration list for PBXNativeTarget "JournalTests" */ = {
			isa = XCConfigurationList;
			buildConfigurations = (
				1D88B6582C0EA473006B70C1 /* Debug */,
				1D88B6592C0EA473006B70C1 /* Release */,
			);
			defaultConfigurationIsVisible = 0;
			defaultConfigurationName = Release;
		};
		1D88B65A2C0EA473006B70C1 /* Build configuration list for PBXNativeTarget "JournalUITests" */ = {
			isa = XCConfigurationList;
			buildConfigurations = (
				1D88B65B2C0EA473006B70C1 /* Debug */,
				1D88B65C2C0EA473006B70C1 /* Release */,
			);
			defaultConfigurationIsVisible = 0;
			defaultConfigurationName = Release;
		};
/* End XCConfigurationList section */
	};
	rootObject = 1D88B6282C0EA472006B70C1 /* Project object */;
}
